// !$*UTF8*$!
{
	archiveVersion = 1;
	classes = {
	};
	objectVersion = 46;
	objects = {

/* Begin PBXBuildFile section */
		9112E0881BEF096700905F58 /* EnvironmentList.plist in Resources */ = {isa = PBXBuildFile; fileRef = 9112E0871BEF096700905F58 /* EnvironmentList.plist */; };
		91217BC31BCC055600E44EC1 /* SupportCharacters.swift in Sources */ = {isa = PBXBuildFile; fileRef = 91217BC21BCC055600E44EC1 /* SupportCharacters.swift */; };
		912AD72A1BCADDEB00A62255 /* AppDelegate.swift in Sources */ = {isa = PBXBuildFile; fileRef = 912AD7291BCADDEB00A62255 /* AppDelegate.swift */; };
		912AD72E1BCADDEB00A62255 /* GameScene.swift in Sources */ = {isa = PBXBuildFile; fileRef = 912AD72D1BCADDEB00A62255 /* GameScene.swift */; };
		912AD7301BCADDEC00A62255 /* GameViewController.swift in Sources */ = {isa = PBXBuildFile; fileRef = 912AD72F1BCADDEC00A62255 /* GameViewController.swift */; };
		912AD7331BCADDEC00A62255 /* Main.storyboard in Resources */ = {isa = PBXBuildFile; fileRef = 912AD7311BCADDEC00A62255 /* Main.storyboard */; };
		912AD7351BCADDEC00A62255 /* Assets.xcassets in Resources */ = {isa = PBXBuildFile; fileRef = 912AD7341BCADDEC00A62255 /* Assets.xcassets */; };
		912AD7381BCADDEC00A62255 /* LaunchScreen.storyboard in Resources */ = {isa = PBXBuildFile; fileRef = 912AD7361BCADDEC00A62255 /* LaunchScreen.storyboard */; };
		912AD7431BCADDEC00A62255 /* MessengerVoyageTests.swift in Sources */ = {isa = PBXBuildFile; fileRef = 912AD7421BCADDEC00A62255 /* MessengerVoyageTests.swift */; };
		912AD74E1BCADDEC00A62255 /* MessengerVoyageUITests.swift in Sources */ = {isa = PBXBuildFile; fileRef = 912AD74D1BCADDEC00A62255 /* MessengerVoyageUITests.swift */; };
		912BBD361BF5629C004B7939 /* VehicleSelectViewController.swift in Sources */ = {isa = PBXBuildFile; fileRef = 912BBD351BF5629C004B7939 /* VehicleSelectViewController.swift */; };
		912BBD381BF5655F004B7939 /* MissionSelectViewController.swift in Sources */ = {isa = PBXBuildFile; fileRef = 912BBD371BF5655F004B7939 /* MissionSelectViewController.swift */; };
		912BBD3A1BF567E0004B7939 /* night_work_in_the_garage_art_street_rod_hot_ultra_3840x2160_hd-wallpaper-1794855.jpg in Resources */ = {isa = PBXBuildFile; fileRef = 912BBD391BF567E0004B7939 /* night_work_in_the_garage_art_street_rod_hot_ultra_3840x2160_hd-wallpaper-1794855.jpg */; };
		912BBD3C1BF56BF3004B7939 /* MissionList.plist in Resources */ = {isa = PBXBuildFile; fileRef = 912BBD3B1BF56BF3004B7939 /* MissionList.plist */; };
		912BBD3E1BF57F52004B7939 /* MissionTableViewCell.swift in Sources */ = {isa = PBXBuildFile; fileRef = 912BBD3D1BF57F52004B7939 /* MissionTableViewCell.swift */; };
		912BBD461BF64939004B7939 /* Very-Basic-Close-icon.png in Resources */ = {isa = PBXBuildFile; fileRef = 912BBD451BF64939004B7939 /* Very-Basic-Close-icon.png */; };
		913B5D831BF516B400A70E6A /* StartScreenScene.sks in Resources */ = {isa = PBXBuildFile; fileRef = 913B5D821BF516B400A70E6A /* StartScreenScene.sks */; };
		913B5DC51BF554FE00A70E6A /* MainViewController.swift in Sources */ = {isa = PBXBuildFile; fileRef = 913B5DC41BF554FE00A70E6A /* MainViewController.swift */; };
		914EBB0A1BF9642600375FC8 /* CharacterHeaderCollectionReusableView.swift in Sources */ = {isa = PBXBuildFile; fileRef = 914EBB091BF9642600375FC8 /* CharacterHeaderCollectionReusableView.swift */; };
		916006281BF91DCF00FC076F /* VehicleCollectionViewCell.swift in Sources */ = {isa = PBXBuildFile; fileRef = 916006271BF91DCF00FC076F /* VehicleCollectionViewCell.swift */; };
		9160062A1BF936E800FC076F /* CharacterSelectViewController.swift in Sources */ = {isa = PBXBuildFile; fileRef = 916006291BF936E800FC076F /* CharacterSelectViewController.swift */; };
		9181346F1BF2C21000C33570 /* SupportCharactersHandler.swift in Sources */ = {isa = PBXBuildFile; fileRef = 9181346E1BF2C21000C33570 /* SupportCharactersHandler.swift */; };
		91A22C2C1BF29B1A00760496 /* SupportCharactersList.plist in Resources */ = {isa = PBXBuildFile; fileRef = 91A22C2B1BF29B1A00760496 /* SupportCharactersList.plist */; };
		91ABF5651BE0433300D3CCE2 /* EnvironmentHandler.swift in Sources */ = {isa = PBXBuildFile; fileRef = 91ABF5621BE0433300D3CCE2 /* EnvironmentHandler.swift */; };
		91ABF5671BE0433300D3CCE2 /* EventList.plist in Resources */ = {isa = PBXBuildFile; fileRef = 91ABF5641BE0433300D3CCE2 /* EventList.plist */; };
		91AFD9C11BF0F53100016744 /* HealthKit.framework in Frameworks */ = {isa = PBXBuildFile; fileRef = 91AFD9C01BF0F53100016744 /* HealthKit.framework */; };
		91BFB41D1BDE7E6000D22D30 /* GameMotor.swift in Sources */ = {isa = PBXBuildFile; fileRef = 91BFB41C1BDE7E6000D22D30 /* GameMotor.swift */; };
		91F318341BE9172D00066B44 /* EventHandler.swift in Sources */ = {isa = PBXBuildFile; fileRef = 91F318331BE9172D00066B44 /* EventHandler.swift */; };
		91F992B51BF3CD5A00D6C1B4 /* VehicleList.plist in Resources */ = {isa = PBXBuildFile; fileRef = 91F992B41BF3CD5A00D6C1B4 /* VehicleList.plist */; };
		91F992B71BF3CEE000D6C1B4 /* VehicleHandler.swift in Sources */ = {isa = PBXBuildFile; fileRef = 91F992B61BF3CEE000D6C1B4 /* VehicleHandler.swift */; };
/* End PBXBuildFile section */

/* Begin PBXContainerItemProxy section */
		912AD73F1BCADDEC00A62255 /* PBXContainerItemProxy */ = {
			isa = PBXContainerItemProxy;
			containerPortal = 912AD71E1BCADDEB00A62255 /* Project object */;
			proxyType = 1;
			remoteGlobalIDString = 912AD7251BCADDEB00A62255;
			remoteInfo = MessengerVoyage;
		};
		912AD74A1BCADDEC00A62255 /* PBXContainerItemProxy */ = {
			isa = PBXContainerItemProxy;
			containerPortal = 912AD71E1BCADDEB00A62255 /* Project object */;
			proxyType = 1;
			remoteGlobalIDString = 912AD7251BCADDEB00A62255;
			remoteInfo = MessengerVoyage;
		};
/* End PBXContainerItemProxy section */

/* Begin PBXFileReference section */
		9112E0871BEF096700905F58 /* EnvironmentList.plist */ = {isa = PBXFileReference; fileEncoding = 4; lastKnownFileType = text.plist.xml; path = EnvironmentList.plist; sourceTree = "<group>"; };
		91217BC21BCC055600E44EC1 /* SupportCharacters.swift */ = {isa = PBXFileReference; fileEncoding = 4; lastKnownFileType = sourcecode.swift; name = SupportCharacters.swift; path = Classes/SupportCharacters.swift; sourceTree = "<group>"; };
		912AD7261BCADDEB00A62255 /* Ultra Delivery.app */ = {isa = PBXFileReference; explicitFileType = wrapper.application; includeInIndex = 0; path = "Ultra Delivery.app"; sourceTree = BUILT_PRODUCTS_DIR; };
		912AD7291BCADDEB00A62255 /* AppDelegate.swift */ = {isa = PBXFileReference; lastKnownFileType = sourcecode.swift; path = AppDelegate.swift; sourceTree = "<group>"; };
		912AD72D1BCADDEB00A62255 /* GameScene.swift */ = {isa = PBXFileReference; lastKnownFileType = sourcecode.swift; path = GameScene.swift; sourceTree = "<group>"; };
		912AD72F1BCADDEC00A62255 /* GameViewController.swift */ = {isa = PBXFileReference; lastKnownFileType = sourcecode.swift; path = GameViewController.swift; sourceTree = "<group>"; };
		912AD7321BCADDEC00A62255 /* Base */ = {isa = PBXFileReference; lastKnownFileType = file.storyboard; name = Base; path = Base.lproj/Main.storyboard; sourceTree = "<group>"; };
		912AD7341BCADDEC00A62255 /* Assets.xcassets */ = {isa = PBXFileReference; lastKnownFileType = folder.assetcatalog; path = Assets.xcassets; sourceTree = "<group>"; };
		912AD7371BCADDEC00A62255 /* Base */ = {isa = PBXFileReference; lastKnownFileType = file.storyboard; name = Base; path = Base.lproj/LaunchScreen.storyboard; sourceTree = "<group>"; };
		912AD7391BCADDEC00A62255 /* Info.plist */ = {isa = PBXFileReference; lastKnownFileType = text.plist.xml; path = Info.plist; sourceTree = "<group>"; };
		912AD73E1BCADDEC00A62255 /* MessengerVoyageTests.xctest */ = {isa = PBXFileReference; explicitFileType = wrapper.cfbundle; includeInIndex = 0; path = MessengerVoyageTests.xctest; sourceTree = BUILT_PRODUCTS_DIR; };
		912AD7421BCADDEC00A62255 /* MessengerVoyageTests.swift */ = {isa = PBXFileReference; lastKnownFileType = sourcecode.swift; path = MessengerVoyageTests.swift; sourceTree = "<group>"; };
		912AD7441BCADDEC00A62255 /* Info.plist */ = {isa = PBXFileReference; lastKnownFileType = text.plist.xml; path = Info.plist; sourceTree = "<group>"; };
		912AD7491BCADDEC00A62255 /* MessengerVoyageUITests.xctest */ = {isa = PBXFileReference; explicitFileType = wrapper.cfbundle; includeInIndex = 0; path = MessengerVoyageUITests.xctest; sourceTree = BUILT_PRODUCTS_DIR; };
		912AD74D1BCADDEC00A62255 /* MessengerVoyageUITests.swift */ = {isa = PBXFileReference; lastKnownFileType = sourcecode.swift; path = MessengerVoyageUITests.swift; sourceTree = "<group>"; };
		912AD74F1BCADDEC00A62255 /* Info.plist */ = {isa = PBXFileReference; lastKnownFileType = text.plist.xml; path = Info.plist; sourceTree = "<group>"; };
		912BBD351BF5629C004B7939 /* VehicleSelectViewController.swift */ = {isa = PBXFileReference; fileEncoding = 4; lastKnownFileType = sourcecode.swift; path = VehicleSelectViewController.swift; sourceTree = "<group>"; };
		912BBD371BF5655F004B7939 /* MissionSelectViewController.swift */ = {isa = PBXFileReference; fileEncoding = 4; lastKnownFileType = sourcecode.swift; path = MissionSelectViewController.swift; sourceTree = "<group>"; };
		912BBD391BF567E0004B7939 /* night_work_in_the_garage_art_street_rod_hot_ultra_3840x2160_hd-wallpaper-1794855.jpg */ = {isa = PBXFileReference; lastKnownFileType = image.jpeg; path = "night_work_in_the_garage_art_street_rod_hot_ultra_3840x2160_hd-wallpaper-1794855.jpg"; sourceTree = "<group>"; };
		912BBD3B1BF56BF3004B7939 /* MissionList.plist */ = {isa = PBXFileReference; fileEncoding = 4; lastKnownFileType = text.plist.xml; path = MissionList.plist; sourceTree = "<group>"; };
		912BBD3D1BF57F52004B7939 /* MissionTableViewCell.swift */ = {isa = PBXFileReference; fileEncoding = 4; lastKnownFileType = sourcecode.swift; path = MissionTableViewCell.swift; sourceTree = "<group>"; };
		912BBD451BF64939004B7939 /* Very-Basic-Close-icon.png */ = {isa = PBXFileReference; lastKnownFileType = image.png; path = "Very-Basic-Close-icon.png"; sourceTree = "<group>"; };
		913B5D821BF516B400A70E6A /* StartScreenScene.sks */ = {isa = PBXFileReference; lastKnownFileType = file.sks; path = StartScreenScene.sks; sourceTree = "<group>"; };
		913B5DC41BF554FE00A70E6A /* MainViewController.swift */ = {isa = PBXFileReference; fileEncoding = 4; lastKnownFileType = sourcecode.swift; path = MainViewController.swift; sourceTree = "<group>"; };
		914EBB091BF9642600375FC8 /* CharacterHeaderCollectionReusableView.swift */ = {isa = PBXFileReference; fileEncoding = 4; lastKnownFileType = sourcecode.swift; path = CharacterHeaderCollectionReusableView.swift; sourceTree = "<group>"; };
		916006271BF91DCF00FC076F /* VehicleCollectionViewCell.swift */ = {isa = PBXFileReference; fileEncoding = 4; lastKnownFileType = sourcecode.swift; path = VehicleCollectionViewCell.swift; sourceTree = "<group>"; };
		916006291BF936E800FC076F /* CharacterSelectViewController.swift */ = {isa = PBXFileReference; fileEncoding = 4; lastKnownFileType = sourcecode.swift; path = CharacterSelectViewController.swift; sourceTree = "<group>"; };
		9181346E1BF2C21000C33570 /* SupportCharactersHandler.swift */ = {isa = PBXFileReference; fileEncoding = 4; lastKnownFileType = sourcecode.swift; name = SupportCharactersHandler.swift; path = Classes/SupportCharactersHandler.swift; sourceTree = "<group>"; };
		91A22C2B1BF29B1A00760496 /* SupportCharactersList.plist */ = {isa = PBXFileReference; fileEncoding = 4; lastKnownFileType = text.plist.xml; path = SupportCharactersList.plist; sourceTree = "<group>"; };
		91ABF5621BE0433300D3CCE2 /* EnvironmentHandler.swift */ = {isa = PBXFileReference; fileEncoding = 4; lastKnownFileType = sourcecode.swift; name = EnvironmentHandler.swift; path = Classes/EnvironmentHandler.swift; sourceTree = "<group>"; };
		91ABF5641BE0433300D3CCE2 /* EventList.plist */ = {isa = PBXFileReference; fileEncoding = 4; lastKnownFileType = text.plist.xml; name = EventList.plist; path = Classes/EventList.plist; sourceTree = "<group>"; };
		91AFD9BF1BF0F53000016744 /* MessengerVoyage.entitlements */ = {isa = PBXFileReference; lastKnownFileType = text.xml; path = MessengerVoyage.entitlements; sourceTree = "<group>"; };
		91AFD9C01BF0F53100016744 /* HealthKit.framework */ = {isa = PBXFileReference; lastKnownFileType = wrapper.framework; name = HealthKit.framework; path = System/Library/Frameworks/HealthKit.framework; sourceTree = SDKROOT; };
		91BFB41C1BDE7E6000D22D30 /* GameMotor.swift */ = {isa = PBXFileReference; fileEncoding = 4; lastKnownFileType = sourcecode.swift; path = GameMotor.swift; sourceTree = "<group>"; };
		91F318331BE9172D00066B44 /* EventHandler.swift */ = {isa = PBXFileReference; fileEncoding = 4; lastKnownFileType = sourcecode.swift; path = EventHandler.swift; sourceTree = "<group>"; };
		91F992B41BF3CD5A00D6C1B4 /* VehicleList.plist */ = {isa = PBXFileReference; fileEncoding = 4; lastKnownFileType = text.plist.xml; path = VehicleList.plist; sourceTree = "<group>"; };
		91F992B61BF3CEE000D6C1B4 /* VehicleHandler.swift */ = {isa = PBXFileReference; fileEncoding = 4; lastKnownFileType = sourcecode.swift; name = VehicleHandler.swift; path = Classes/VehicleHandler.swift; sourceTree = "<group>"; };
/* End PBXFileReference section */

/* Begin PBXFrameworksBuildPhase section */
		912AD7231BCADDEB00A62255 /* Frameworks */ = {
			isa = PBXFrameworksBuildPhase;
			buildActionMask = 2147483647;
			files = (
				91AFD9C11BF0F53100016744 /* HealthKit.framework in Frameworks */,
			);
			runOnlyForDeploymentPostprocessing = 0;
		};
		912AD73B1BCADDEC00A62255 /* Frameworks */ = {
			isa = PBXFrameworksBuildPhase;
			buildActionMask = 2147483647;
			files = (
			);
			runOnlyForDeploymentPostprocessing = 0;
		};
		912AD7461BCADDEC00A62255 /* Frameworks */ = {
			isa = PBXFrameworksBuildPhase;
			buildActionMask = 2147483647;
			files = (
			);
			runOnlyForDeploymentPostprocessing = 0;
		};
/* End PBXFrameworksBuildPhase section */

/* Begin PBXGroup section */
		91217BC41BCC056100E44EC1 /* HANDLERS */ = {
			isa = PBXGroup;
			children = (
				91F992B61BF3CEE000D6C1B4 /* VehicleHandler.swift */,
				91217BC21BCC055600E44EC1 /* SupportCharacters.swift */,
				9181346E1BF2C21000C33570 /* SupportCharactersHandler.swift */,
				91ABF5621BE0433300D3CCE2 /* EnvironmentHandler.swift */,
				91F318331BE9172D00066B44 /* EventHandler.swift */,
			);
			name = HANDLERS;
			sourceTree = "<group>";
		};
		912AD71D1BCADDEB00A62255 = {
			isa = PBXGroup;
			children = (
				91AFD9C01BF0F53100016744 /* HealthKit.framework */,
				912AD7281BCADDEB00A62255 /* MessengerVoyage */,
				912AD7411BCADDEC00A62255 /* MessengerVoyageTests */,
				912AD74C1BCADDEC00A62255 /* MessengerVoyageUITests */,
				912AD7271BCADDEB00A62255 /* Products */,
			);
			sourceTree = "<group>";
		};
		912AD7271BCADDEB00A62255 /* Products */ = {
			isa = PBXGroup;
			children = (
				912AD7261BCADDEB00A62255 /* Ultra Delivery.app */,
				912AD73E1BCADDEC00A62255 /* MessengerVoyageTests.xctest */,
				912AD7491BCADDEC00A62255 /* MessengerVoyageUITests.xctest */,
			);
			name = Products;
			sourceTree = "<group>";
		};
		912AD7281BCADDEB00A62255 /* MessengerVoyage */ = {
			isa = PBXGroup;
			children = (
				912BBD411BF62C92004B7939 /* ASSETS */,
				91217BC41BCC056100E44EC1 /* HANDLERS */,
				912BBD431BF62D11004B7939 /* CONTROLLERS */,
				912BBD421BF62CA4004B7939 /* GAME_PLISTS */,
				912BBD441BF62D34004B7939 /* VIEWS */,
				91AFD9BF1BF0F53000016744 /* MessengerVoyage.entitlements */,
				912AD7291BCADDEB00A62255 /* AppDelegate.swift */,
				91BFB41C1BDE7E6000D22D30 /* GameMotor.swift */,
				912AD7341BCADDEC00A62255 /* Assets.xcassets */,
				912AD7311BCADDEC00A62255 /* Main.storyboard */,
				912AD7361BCADDEC00A62255 /* LaunchScreen.storyboard */,
				912AD7391BCADDEC00A62255 /* Info.plist */,
			);
			path = MessengerVoyage;
			sourceTree = "<group>";
		};
		912AD7411BCADDEC00A62255 /* MessengerVoyageTests */ = {
			isa = PBXGroup;
			children = (
				912AD7421BCADDEC00A62255 /* MessengerVoyageTests.swift */,
				912AD7441BCADDEC00A62255 /* Info.plist */,
			);
			path = MessengerVoyageTests;
			sourceTree = "<group>";
		};
		912AD74C1BCADDEC00A62255 /* MessengerVoyageUITests */ = {
			isa = PBXGroup;
			children = (
				912AD74D1BCADDEC00A62255 /* MessengerVoyageUITests.swift */,
				912AD74F1BCADDEC00A62255 /* Info.plist */,
			);
			path = MessengerVoyageUITests;
			sourceTree = "<group>";
		};
		912BBD411BF62C92004B7939 /* ASSETS */ = {
			isa = PBXGroup;
			children = (
				913B5D821BF516B400A70E6A /* StartScreenScene.sks */,
				912BBD451BF64939004B7939 /* Very-Basic-Close-icon.png */,
				912BBD391BF567E0004B7939 /* night_work_in_the_garage_art_street_rod_hot_ultra_3840x2160_hd-wallpaper-1794855.jpg */,
			);
			name = ASSETS;
			sourceTree = "<group>";
		};
		912BBD421BF62CA4004B7939 /* GAME_PLISTS */ = {
			isa = PBXGroup;
			children = (
				91F992B41BF3CD5A00D6C1B4 /* VehicleList.plist */,
				91A22C2B1BF29B1A00760496 /* SupportCharactersList.plist */,
				9112E0871BEF096700905F58 /* EnvironmentList.plist */,
				91ABF5641BE0433300D3CCE2 /* EventList.plist */,
				912BBD3B1BF56BF3004B7939 /* MissionList.plist */,
			);
			name = GAME_PLISTS;
			sourceTree = "<group>";
		};
		912BBD431BF62D11004B7939 /* CONTROLLERS */ = {
			isa = PBXGroup;
			children = (
				913B5DC41BF554FE00A70E6A /* MainViewController.swift */,
				912AD72F1BCADDEC00A62255 /* GameViewController.swift */,
				912BBD371BF5655F004B7939 /* MissionSelectViewController.swift */,
				912BBD351BF5629C004B7939 /* VehicleSelectViewController.swift */,
				916006291BF936E800FC076F /* CharacterSelectViewController.swift */,
			);
			name = CONTROLLERS;
			sourceTree = "<group>";
		};
		912BBD441BF62D34004B7939 /* VIEWS */ = {
			isa = PBXGroup;
			children = (
				914EBB091BF9642600375FC8 /* CharacterHeaderCollectionReusableView.swift */,
				912AD72D1BCADDEB00A62255 /* GameScene.swift */,
				916006271BF91DCF00FC076F /* VehicleCollectionViewCell.swift */,
				912BBD3D1BF57F52004B7939 /* MissionTableViewCell.swift */,
			);
			name = VIEWS;
			sourceTree = "<group>";
		};
/* End PBXGroup section */

/* Begin PBXNativeTarget section */
		912AD7251BCADDEB00A62255 /* MessengerVoyage */ = {
			isa = PBXNativeTarget;
			buildConfigurationList = 912AD7521BCADDEC00A62255 /* Build configuration list for PBXNativeTarget "MessengerVoyage" */;
			buildPhases = (
				912AD7221BCADDEB00A62255 /* Sources */,
				912AD7231BCADDEB00A62255 /* Frameworks */,
				912AD7241BCADDEB00A62255 /* Resources */,
			);
			buildRules = (
			);
			dependencies = (
			);
			name = MessengerVoyage;
			productName = MessengerVoyage;
			productReference = 912AD7261BCADDEB00A62255 /* Ultra Delivery.app */;
			productType = "com.apple.product-type.application";
		};
		912AD73D1BCADDEC00A62255 /* MessengerVoyageTests */ = {
			isa = PBXNativeTarget;
			buildConfigurationList = 912AD7551BCADDEC00A62255 /* Build configuration list for PBXNativeTarget "MessengerVoyageTests" */;
			buildPhases = (
				912AD73A1BCADDEC00A62255 /* Sources */,
				912AD73B1BCADDEC00A62255 /* Frameworks */,
				912AD73C1BCADDEC00A62255 /* Resources */,
			);
			buildRules = (
			);
			dependencies = (
				912AD7401BCADDEC00A62255 /* PBXTargetDependency */,
			);
			name = MessengerVoyageTests;
			productName = MessengerVoyageTests;
			productReference = 912AD73E1BCADDEC00A62255 /* MessengerVoyageTests.xctest */;
			productType = "com.apple.product-type.bundle.unit-test";
		};
		912AD7481BCADDEC00A62255 /* MessengerVoyageUITests */ = {
			isa = PBXNativeTarget;
			buildConfigurationList = 912AD7581BCADDEC00A62255 /* Build configuration list for PBXNativeTarget "MessengerVoyageUITests" */;
			buildPhases = (
				912AD7451BCADDEC00A62255 /* Sources */,
				912AD7461BCADDEC00A62255 /* Frameworks */,
				912AD7471BCADDEC00A62255 /* Resources */,
			);
			buildRules = (
			);
			dependencies = (
				912AD74B1BCADDEC00A62255 /* PBXTargetDependency */,
			);
			name = MessengerVoyageUITests;
			productName = MessengerVoyageUITests;
			productReference = 912AD7491BCADDEC00A62255 /* MessengerVoyageUITests.xctest */;
			productType = "com.apple.product-type.bundle.ui-testing";
		};
/* End PBXNativeTarget section */

/* Begin PBXProject section */
		912AD71E1BCADDEB00A62255 /* Project object */ = {
			isa = PBXProject;
			attributes = {
				LastUpgradeCheck = 0700;
				ORGANIZATIONNAME = "Scuigi Studios";
				TargetAttributes = {
					912AD7251BCADDEB00A62255 = {
						CreatedOnToolsVersion = 7.0.1;
						DevelopmentTeam = 77LECLY3EB;
						SystemCapabilities = {
							com.apple.HealthKit = {
								enabled = 1;
							};
						};
					};
					912AD73D1BCADDEC00A62255 = {
						CreatedOnToolsVersion = 7.0.1;
						TestTargetID = 912AD7251BCADDEB00A62255;
					};
					912AD7481BCADDEC00A62255 = {
						CreatedOnToolsVersion = 7.0.1;
						TestTargetID = 912AD7251BCADDEB00A62255;
					};
				};
			};
			buildConfigurationList = 912AD7211BCADDEB00A62255 /* Build configuration list for PBXProject "UltraDelivery" */;
			compatibilityVersion = "Xcode 3.2";
			developmentRegion = English;
			hasScannedForEncodings = 0;
			knownRegions = (
				en,
				Base,
			);
			mainGroup = 912AD71D1BCADDEB00A62255;
			productRefGroup = 912AD7271BCADDEB00A62255 /* Products */;
			projectDirPath = "";
			projectRoot = "";
			targets = (
				912AD7251BCADDEB00A62255 /* MessengerVoyage */,
				912AD73D1BCADDEC00A62255 /* MessengerVoyageTests */,
				912AD7481BCADDEC00A62255 /* MessengerVoyageUITests */,
			);
		};
/* End PBXProject section */

/* Begin PBXResourcesBuildPhase section */
		912AD7241BCADDEB00A62255 /* Resources */ = {
			isa = PBXResourcesBuildPhase;
			buildActionMask = 2147483647;
			files = (
				912BBD3A1BF567E0004B7939 /* night_work_in_the_garage_art_street_rod_hot_ultra_3840x2160_hd-wallpaper-1794855.jpg in Resources */,
				912AD7381BCADDEC00A62255 /* LaunchScreen.storyboard in Resources */,
				91F992B51BF3CD5A00D6C1B4 /* VehicleList.plist in Resources */,
				912AD7351BCADDEC00A62255 /* Assets.xcassets in Resources */,
				91A22C2C1BF29B1A00760496 /* SupportCharactersList.plist in Resources */,
				912BBD3C1BF56BF3004B7939 /* MissionList.plist in Resources */,
				912AD7331BCADDEC00A62255 /* Main.storyboard in Resources */,
				9112E0881BEF096700905F58 /* EnvironmentList.plist in Resources */,
				91ABF5671BE0433300D3CCE2 /* EventList.plist in Resources */,
				913B5D831BF516B400A70E6A /* StartScreenScene.sks in Resources */,
				912BBD461BF64939004B7939 /* Very-Basic-Close-icon.png in Resources */,
			);
			runOnlyForDeploymentPostprocessing = 0;
		};
		912AD73C1BCADDEC00A62255 /* Resources */ = {
			isa = PBXResourcesBuildPhase;
			buildActionMask = 2147483647;
			files = (
			);
			runOnlyForDeploymentPostprocessing = 0;
		};
		912AD7471BCADDEC00A62255 /* Resources */ = {
			isa = PBXResourcesBuildPhase;
			buildActionMask = 2147483647;
			files = (
			);
			runOnlyForDeploymentPostprocessing = 0;
		};
/* End PBXResourcesBuildPhase section */

/* Begin PBXSourcesBuildPhase section */
		912AD7221BCADDEB00A62255 /* Sources */ = {
			isa = PBXSourcesBuildPhase;
			buildActionMask = 2147483647;
			files = (
				912BBD361BF5629C004B7939 /* VehicleSelectViewController.swift in Sources */,
				914EBB0A1BF9642600375FC8 /* CharacterHeaderCollectionReusableView.swift in Sources */,
				912AD72E1BCADDEB00A62255 /* GameScene.swift in Sources */,
				91F992B71BF3CEE000D6C1B4 /* VehicleHandler.swift in Sources */,
				916006281BF91DCF00FC076F /* VehicleCollectionViewCell.swift in Sources */,
				91F318341BE9172D00066B44 /* EventHandler.swift in Sources */,
				91ABF5651BE0433300D3CCE2 /* EnvironmentHandler.swift in Sources */,
				912AD7301BCADDEC00A62255 /* GameViewController.swift in Sources */,
				9181346F1BF2C21000C33570 /* SupportCharactersHandler.swift in Sources */,
				912AD72A1BCADDEB00A62255 /* AppDelegate.swift in Sources */,
				91BFB41D1BDE7E6000D22D30 /* GameMotor.swift in Sources */,
				9160062A1BF936E800FC076F /* CharacterSelectViewController.swift in Sources */,
				91217BC31BCC055600E44EC1 /* SupportCharacters.swift in Sources */,
				913B5DC51BF554FE00A70E6A /* MainViewController.swift in Sources */,
				912BBD381BF5655F004B7939 /* MissionSelectViewController.swift in Sources */,
				912BBD3E1BF57F52004B7939 /* MissionTableViewCell.swift in Sources */,
			);
			runOnlyForDeploymentPostprocessing = 0;
		};
		912AD73A1BCADDEC00A62255 /* Sources */ = {
			isa = PBXSourcesBuildPhase;
			buildActionMask = 2147483647;
			files = (
				912AD7431BCADDEC00A62255 /* MessengerVoyageTests.swift in Sources */,
			);
			runOnlyForDeploymentPostprocessing = 0;
		};
		912AD7451BCADDEC00A62255 /* Sources */ = {
			isa = PBXSourcesBuildPhase;
			buildActionMask = 2147483647;
			files = (
				912AD74E1BCADDEC00A62255 /* MessengerVoyageUITests.swift in Sources */,
			);
			runOnlyForDeploymentPostprocessing = 0;
		};
/* End PBXSourcesBuildPhase section */

/* Begin PBXTargetDependency section */
		912AD7401BCADDEC00A62255 /* PBXTargetDependency */ = {
			isa = PBXTargetDependency;
			target = 912AD7251BCADDEB00A62255 /* MessengerVoyage */;
			targetProxy = 912AD73F1BCADDEC00A62255 /* PBXContainerItemProxy */;
		};
		912AD74B1BCADDEC00A62255 /* PBXTargetDependency */ = {
			isa = PBXTargetDependency;
			target = 912AD7251BCADDEB00A62255 /* MessengerVoyage */;
			targetProxy = 912AD74A1BCADDEC00A62255 /* PBXContainerItemProxy */;
		};
/* End PBXTargetDependency section */

/* Begin PBXVariantGroup section */
		912AD7311BCADDEC00A62255 /* Main.storyboard */ = {
			isa = PBXVariantGroup;
			children = (
				912AD7321BCADDEC00A62255 /* Base */,
			);
			name = Main.storyboard;
			sourceTree = "<group>";
		};
		912AD7361BCADDEC00A62255 /* LaunchScreen.storyboard */ = {
			isa = PBXVariantGroup;
			children = (
				912AD7371BCADDEC00A62255 /* Base */,
			);
			name = LaunchScreen.storyboard;
			sourceTree = "<group>";
		};
/* End PBXVariantGroup section */

/* Begin XCBuildConfiguration section */
		912AD7501BCADDEC00A62255 /* Debug */ = {
			isa = XCBuildConfiguration;
			buildSettings = {
				ALWAYS_SEARCH_USER_PATHS = NO;
				CLANG_CXX_LANGUAGE_STANDARD = "gnu++0x";
				CLANG_CXX_LIBRARY = "libc++";
				CLANG_ENABLE_MODULES = YES;
				CLANG_ENABLE_OBJC_ARC = YES;
				CLANG_WARN_BOOL_CONVERSION = YES;
				CLANG_WARN_CONSTANT_CONVERSION = YES;
				CLANG_WARN_DIRECT_OBJC_ISA_USAGE = YES_ERROR;
				CLANG_WARN_EMPTY_BODY = YES;
				CLANG_WARN_ENUM_CONVERSION = YES;
				CLANG_WARN_INT_CONVERSION = YES;
				CLANG_WARN_OBJC_ROOT_CLASS = YES_ERROR;
				CLANG_WARN_UNREACHABLE_CODE = YES;
				CLANG_WARN__DUPLICATE_METHOD_MATCH = YES;
				"CODE_SIGN_IDENTITY[sdk=iphoneos*]" = "iPhone Developer";
				COPY_PHASE_STRIP = NO;
				DEBUG_INFORMATION_FORMAT = "dwarf-with-dsym";
				ENABLE_STRICT_OBJC_MSGSEND = YES;
				ENABLE_TESTABILITY = YES;
				GCC_C_LANGUAGE_STANDARD = gnu99;
				GCC_DYNAMIC_NO_PIC = NO;
				GCC_NO_COMMON_BLOCKS = YES;
				GCC_OPTIMIZATION_LEVEL = 0;
				GCC_PREPROCESSOR_DEFINITIONS = (
					"DEBUG=1",
					"$(inherited)",
				);
				GCC_WARN_64_TO_32_BIT_CONVERSION = YES;
				GCC_WARN_ABOUT_RETURN_TYPE = YES_ERROR;
				GCC_WARN_UNDECLARED_SELECTOR = YES;
				GCC_WARN_UNINITIALIZED_AUTOS = YES_AGGRESSIVE;
				GCC_WARN_UNUSED_FUNCTION = YES;
				GCC_WARN_UNUSED_VARIABLE = YES;
				IPHONEOS_DEPLOYMENT_TARGET = 9.0;
				MTL_ENABLE_DEBUG_INFO = YES;
				ONLY_ACTIVE_ARCH = YES;
				SDKROOT = iphoneos;
				SWIFT_OPTIMIZATION_LEVEL = "-Onone";
				TARGETED_DEVICE_FAMILY = "1,2";
			};
			name = Debug;
		};
		912AD7511BCADDEC00A62255 /* Release */ = {
			isa = XCBuildConfiguration;
			buildSettings = {
				ALWAYS_SEARCH_USER_PATHS = NO;
				CLANG_CXX_LANGUAGE_STANDARD = "gnu++0x";
				CLANG_CXX_LIBRARY = "libc++";
				CLANG_ENABLE_MODULES = YES;
				CLANG_ENABLE_OBJC_ARC = YES;
				CLANG_WARN_BOOL_CONVERSION = YES;
				CLANG_WARN_CONSTANT_CONVERSION = YES;
				CLANG_WARN_DIRECT_OBJC_ISA_USAGE = YES_ERROR;
				CLANG_WARN_EMPTY_BODY = YES;
				CLANG_WARN_ENUM_CONVERSION = YES;
				CLANG_WARN_INT_CONVERSION = YES;
				CLANG_WARN_OBJC_ROOT_CLASS = YES_ERROR;
				CLANG_WARN_UNREACHABLE_CODE = YES;
				CLANG_WARN__DUPLICATE_METHOD_MATCH = YES;
				"CODE_SIGN_IDENTITY[sdk=iphoneos*]" = "iPhone Developer";
				COPY_PHASE_STRIP = NO;
				DEBUG_INFORMATION_FORMAT = "dwarf-with-dsym";
				ENABLE_NS_ASSERTIONS = NO;
				ENABLE_STRICT_OBJC_MSGSEND = YES;
				GCC_C_LANGUAGE_STANDARD = gnu99;
				GCC_NO_COMMON_BLOCKS = YES;
				GCC_WARN_64_TO_32_BIT_CONVERSION = YES;
				GCC_WARN_ABOUT_RETURN_TYPE = YES_ERROR;
				GCC_WARN_UNDECLARED_SELECTOR = YES;
				GCC_WARN_UNINITIALIZED_AUTOS = YES_AGGRESSIVE;
				GCC_WARN_UNUSED_FUNCTION = YES;
				GCC_WARN_UNUSED_VARIABLE = YES;
				IPHONEOS_DEPLOYMENT_TARGET = 9.0;
				MTL_ENABLE_DEBUG_INFO = NO;
				SDKROOT = iphoneos;
				TARGETED_DEVICE_FAMILY = "1,2";
				VALIDATE_PRODUCT = YES;
			};
			name = Release;
		};
		912AD7531BCADDEC00A62255 /* Debug */ = {
			isa = XCBuildConfiguration;
			buildSettings = {
				CODE_SIGN_ENTITLEMENTS = MessengerVoyage/MessengerVoyage.entitlements;
				CODE_SIGN_IDENTITY = "iPhone Developer";
				"CODE_SIGN_IDENTITY[sdk=iphoneos*]" = "iPhone Developer";
				INFOPLIST_FILE = MessengerVoyage/Info.plist;
				IPHONEOS_DEPLOYMENT_TARGET = 9.0;
				LD_RUNPATH_SEARCH_PATHS = "$(inherited) @executable_path/Frameworks";
				PRODUCT_BUNDLE_IDENTIFIER = ScuigiStudios.UltraDelivery;
				PRODUCT_NAME = "Ultra Delivery";
				PROVISIONING_PROFILE = "";
				TARGETED_DEVICE_FAMILY = 1;
			};
			name = Debug;
		};
		912AD7541BCADDEC00A62255 /* Release */ = {
			isa = XCBuildConfiguration;
			buildSettings = {
				CODE_SIGN_ENTITLEMENTS = MessengerVoyage/MessengerVoyage.entitlements;
				CODE_SIGN_IDENTITY = "iPhone Developer";
				"CODE_SIGN_IDENTITY[sdk=iphoneos*]" = "iPhone Developer";
				INFOPLIST_FILE = MessengerVoyage/Info.plist;
				IPHONEOS_DEPLOYMENT_TARGET = 9.0;
				LD_RUNPATH_SEARCH_PATHS = "$(inherited) @executable_path/Frameworks";
				PRODUCT_BUNDLE_IDENTIFIER = ScuigiStudios.UltraDelivery;
				PRODUCT_NAME = "Ultra Delivery";
				PROVISIONING_PROFILE = "";
				TARGETED_DEVICE_FAMILY = 1;
			};
			name = Release;
		};
		912AD7561BCADDEC00A62255 /* Debug */ = {
			isa = XCBuildConfiguration;
			buildSettings = {
				BUNDLE_LOADER = "$(TEST_HOST)";
				DEBUG_INFORMATION_FORMAT = dwarf;
				INFOPLIST_FILE = MessengerVoyageTests/Info.plist;
				LD_RUNPATH_SEARCH_PATHS = "$(inherited) @executable_path/Frameworks @loader_path/Frameworks";
				PRODUCT_BUNDLE_IDENTIFIER = ScuigiStudios.MessengerVoyageTests;
				PRODUCT_NAME = "$(TARGET_NAME)";
				TEST_HOST = "$(BUILT_PRODUCTS_DIR)/MessengerVoyage.app/MessengerVoyage";
			};
			name = Debug;
		};
		912AD7571BCADDEC00A62255 /* Release */ = {
			isa = XCBuildConfiguration;
			buildSettings = {
				BUNDLE_LOADER = "$(TEST_HOST)";
				INFOPLIST_FILE = MessengerVoyageTests/Info.plist;
				LD_RUNPATH_SEARCH_PATHS = "$(inherited) @executable_path/Frameworks @loader_path/Frameworks";
				PRODUCT_BUNDLE_IDENTIFIER = ScuigiStudios.MessengerVoyageTests;
				PRODUCT_NAME = "$(TARGET_NAME)";
				TEST_HOST = "$(BUILT_PRODUCTS_DIR)/MessengerVoyage.app/MessengerVoyage";
			};
			name = Release;
		};
		912AD7591BCADDEC00A62255 /* Debug */ = {
			isa = XCBuildConfiguration;
			buildSettings = {
				DEBUG_INFORMATION_FORMAT = dwarf;
				INFOPLIST_FILE = MessengerVoyageUITests/Info.plist;
				LD_RUNPATH_SEARCH_PATHS = "$(inherited) @executable_path/Frameworks @loader_path/Frameworks";
				PRODUCT_BUNDLE_IDENTIFIER = ScuigiStudios.MessengerVoyageUITests;
				PRODUCT_NAME = "$(TARGET_NAME)";
				TEST_TARGET_NAME = MessengerVoyage;
				USES_XCTRUNNER = YES;
			};
			name = Debug;
		};
		912AD75A1BCADDEC00A62255 /* Release */ = {
			isa = XCBuildConfiguration;
			buildSettings = {
				INFOPLIST_FILE = MessengerVoyageUITests/Info.plist;
				LD_RUNPATH_SEARCH_PATHS = "$(inherited) @executable_path/Frameworks @loader_path/Frameworks";
				PRODUCT_BUNDLE_IDENTIFIER = ScuigiStudios.MessengerVoyageUITests;
				PRODUCT_NAME = "$(TARGET_NAME)";
				TEST_TARGET_NAME = MessengerVoyage;
				USES_XCTRUNNER = YES;
			};
			name = Release;
		};
/* End XCBuildConfiguration section */

/* Begin XCConfigurationList section */
		912AD7211BCADDEB00A62255 /* Build configuration list for PBXProject "UltraDelivery" */ = {
			isa = XCConfigurationList;
			buildConfigurations = (
				912AD7501BCADDEC00A62255 /* Debug */,
				912AD7511BCADDEC00A62255 /* Release */,
			);
			defaultConfigurationIsVisible = 0;
			defaultConfigurationName = Release;
		};
		912AD7521BCADDEC00A62255 /* Build configuration list for PBXNativeTarget "MessengerVoyage" */ = {
			isa = XCConfigurationList;
			buildConfigurations = (
				912AD7531BCADDEC00A62255 /* Debug */,
				912AD7541BCADDEC00A62255 /* Release */,
			);
			defaultConfigurationIsVisible = 0;
			defaultConfigurationName = Release;
		};
		912AD7551BCADDEC00A62255 /* Build configuration list for PBXNativeTarget "MessengerVoyageTests" */ = {
			isa = XCConfigurationList;
			buildConfigurations = (
				912AD7561BCADDEC00A62255 /* Debug */,
				912AD7571BCADDEC00A62255 /* Release */,
			);
			defaultConfigurationIsVisible = 0;
			defaultConfigurationName = Release;
		};
		912AD7581BCADDEC00A62255 /* Build configuration list for PBXNativeTarget "MessengerVoyageUITests" */ = {
			isa = XCConfigurationList;
			buildConfigurations = (
				912AD7591BCADDEC00A62255 /* Debug */,
				912AD75A1BCADDEC00A62255 /* Release */,
			);
			defaultConfigurationIsVisible = 0;
			defaultConfigurationName = Release;
		};
/* End XCConfigurationList section */
	};
	rootObject = 912AD71E1BCADDEB00A62255 /* Project object */;
}
